{
  "name": "videoassessmentapp75a7ee21CreateAuthChallenge",
  "version": "2.0.0",
  "lockfileVersion": 2,
  "requires": true,
  "packages": {
    "": {
      "name": "videoassessmentapp75a7ee21CreateAuthChallenge",
      "version": "2.0.0",
      "license": "Apache-2.0",
      "devDependencies": {
        "@types/aws-lambda": "^8.10.92"
      }
    },
    "node_modules/@types/aws-lambda": {
      "version": "8.10.113",
      "resolved": "https://registry.npmjs.org/@types/aws-lambda/-/aws-lambda-8.10.113.tgz",
      "integrity": "sha512-JHxKRi7Nz2Bjqp0CKllm9Fl5GZwRfMF+lilSfl12ATyvBx0cRM09ztBVgebeJ8wrjJggHxxjSU2/U+SvSG+K1A==",
      "dev": true
    }
  },
  "dependencies": {
    "@types/aws-lambda": {
      "version": "8.10.113",
      "resolved": "https://registry.npmjs.org/@types/aws-lambda/-/aws-lambda-8.10.113.tgz",
      "integrity": "sha512-JHxKRi7Nz2Bjqp0CKllm9Fl5GZwRfMF+lilSfl12ATyvBx0cRM09ztBVgebeJ8wrjJggHxxjSU2/U+SvSG+K1A==",
      "dev": true
    }
  }
}
